# This file was autogenerated by Stack.
# You should not edit this file by hand.
# For more information, please see the documentation at:
#   https://docs.haskellstack.org/en/stable/lock_files

snapshots:
- original: lts-17.2
  completed:
    sha256: 92b1a17e31d0a978fca4bf270305d4d1dd8092271bf60eafbc9349c890854026
    url: https://raw.githubusercontent.com/commercialhaskell/stackage-snapshots/master/lts/17/2.yaml
    size: 563099
packages:
- original:
    hackage: citeproc-0.3.0.9
  completed:
    pantry-tree:
      sha256: 8bc862a4764bb91909f2ad16b84b61ab257889159371dfc20bd8bf69a83f4ad2
      size: 79427
    hackage: citeproc-0.3.0.9@sha256:e3652bf23caf01c976c87d549885b1e9e4a3a86363494cd82669230e0d4da8ba,5590
- original:
    hackage: commonmark-0.1.1.4
  completed:
    pantry-tree:
      sha256: f1ea43f7c14b13c7f0d5edb2b6f2a9e4c766e1860969694aaa3699952652d070
      size: 1346
    hackage: commonmark-0.1.1.4@sha256:8717891c53c124ff64187c463619450241a41c0951cda2a43267d40f78992362,3278
- original:
    hackage: commonmark-extensions-0.2.0.4
  completed:
    pantry-tree:
      sha256: ac8993e356edabc65a40d6c6909696c5f2dfe2a5298089da820c29ca75852360
      size: 2928
    hackage: commonmark-extensions-0.2.0.4@sha256:6a437bcfa3c757af4262b71336513619990eafb5cfdc33e57a499c93ad225608,3184
- original:
    hackage: commonmark-pandoc-0.2.0.1
  completed:
    pantry-tree:
      sha256: d9954a15f73c8fe55a5097e1cc0957fa626d340ef36e2beefb8caae66008c3dc
      size: 326
    hackage: commonmark-pandoc-0.2.0.1@sha256:529c6e2c6cabf61558b66a28123eafc1d90d3324be29819f59f024e430312c1f,1105
- original:
    hackage: hakyll-4.14.0.0
  completed:
    pantry-tree:
      sha256: b5dff3f9f3c9bc32b154d8f5b30f88fc12f88a32dd7a10ac7f16584af5059b3f
      size: 8272
    hackage: hakyll-4.14.0.0@sha256:28aab547aa94202d486328aa4bbcd02ecbefc4e5d42dfa15e8137b731a4f5d55,9059
- original:
    hackage: pandoc-2.11.4
  completed:
    pantry-tree:
      sha256: 2856fb6c5d6948f3c58f50b3883535f62321db3cceb7b58cd9dd1e6082a0e570
      size: 118526
    hackage: pandoc-2.11.4@sha256:72ff2d50048fe7c11ef67bc936f7fdb986282e72edbb5647db1ab63e415c8bc5,40050
- original:
    hackage: hakyll-sass-0.2.4
  completed:
    pantry-tree:
      sha256: c03e74e71d010f009b8d972efc31fbd6dd25183e6d9afbec55f4b7f0d4a74b47
      size: 217
    hackage: hakyll-sass-0.2.4@sha256:4d2fbd8b63f5ef15483fc6dda09e10eefd63b4f873ad38dec2a3607eb504a8ba,939
